// !$*UTF8*$!
{
	archiveVersion = 1;
	classes = {
	};
	objectVersion = 77;
	objects = {

/* Begin PBXBuildFile section */
		01E0ED614CF7415DB0DA0062 /* BLEManager.swift in Sources */ = {isa = PBXBuildFile; fileRef = CA2CF1053643127AD9B78A8E /* BLEManager.swift */; };
		047676943C4E28B72661B30F /* ScanListView.swift in Sources */ = {isa = PBXBuildFile; fileRef = AE53717BE6D311C4926EF42E /* ScanListView.swift */; };
		126A91CC21561530E27C1EA3 /* ESP32ChatApp.swift in Sources */ = {isa = PBXBuildFile; fileRef = 846373B834C27AC9219F279F /* ESP32ChatApp.swift */; };
		44038813A4CDF6AC64D71169 /* SettingsView.swift in Sources */ = {isa = PBXBuildFile; fileRef = 6F48EDB0179B009F22BFBBFC /* SettingsView.swift */; };
		A358AF675017301442AE9B7F /* DebugLogView.swift in Sources */ = {isa = PBXBuildFile; fileRef = 84C73D0B0FB5484E2669A240 /* DebugLogView.swift */; };
		F1D90CD03F74DB29B2C525D0 /* ChatView.swift in Sources */ = {isa = PBXBuildFile; fileRef = E3CC11270C98EE1B59770612 /* ChatView.swift */; };
		F762B59C69FC6CDBD504DC01 /* ContentView.swift in Sources */ = {isa = PBXBuildFile; fileRef = 203DA621B28C4C6215904CD9 /* ContentView.swift */; };
/* End PBXBuildFile section */

/* Begin PBXFileReference section */
		203DA621B28C4C6215904CD9 /* ContentView.swift */ = {isa = PBXFileReference; lastKnownFileType = sourcecode.swift; path = ContentView.swift; sourceTree = "<group>"; };
		6F48EDB0179B009F22BFBBFC /* SettingsView.swift */ = {isa = PBXFileReference; lastKnownFileType = sourcecode.swift; path = SettingsView.swift; sourceTree = "<group>"; };
		846373B834C27AC9219F279F /* ESP32ChatApp.swift */ = {isa = PBXFileReference; lastKnownFileType = sourcecode.swift; path = ESP32ChatApp.swift; sourceTree = "<group>"; };
		84C73D0B0FB5484E2669A240 /* DebugLogView.swift */ = {isa = PBXFileReference; lastKnownFileType = sourcecode.swift; path = DebugLogView.swift; sourceTree = "<group>"; };
		AE53717BE6D311C4926EF42E /* ScanListView.swift */ = {isa = PBXFileReference; lastKnownFileType = sourcecode.swift; path = ScanListView.swift; sourceTree = "<group>"; };
		CA2CF1053643127AD9B78A8E /* BLEManager.swift */ = {isa = PBXFileReference; lastKnownFileType = sourcecode.swift; path = BLEManager.swift; sourceTree = "<group>"; };
		E0EDE8081CEC6D64E9289332 /* ESP32Chat.app */ = {isa = PBXFileReference; includeInIndex = 0; lastKnownFileType = wrapper.application; path = ESP32Chat.app; sourceTree = BUILT_PRODUCTS_DIR; };
		E3CC11270C98EE1B59770612 /* ChatView.swift */ = {isa = PBXFileReference; lastKnownFileType = sourcecode.swift; path = ChatView.swift; sourceTree = "<group>"; };
/* End PBXFileReference section */

/* Begin PBXGroup section */
		63F3C7057E8C6C0B3DC1D8BC /* Products */ = {
			isa = PBXGroup;
			children = (
				E0EDE8081CEC6D64E9289332 /* ESP32Chat.app */,
			);
			name = Products;
			sourceTree = "<group>";
		};
		7BBBF4E65C6FC9D87C393608 = {
			isa = PBXGroup;
			children = (
				9317884721974DEF9DD67663 /* Sources */,
				63F3C7057E8C6C0B3DC1D8BC /* Products */,
			);
			sourceTree = "<group>";
		};
		9317884721974DEF9DD67663 /* Sources */ = {
			isa = PBXGroup;
			children = (
				CA2CF1053643127AD9B78A8E /* BLEManager.swift */,
				E3CC11270C98EE1B59770612 /* ChatView.swift */,
				203DA621B28C4C6215904CD9 /* ContentView.swift */,
				84C73D0B0FB5484E2669A240 /* DebugLogView.swift */,
				846373B834C27AC9219F279F /* ESP32ChatApp.swift */,
				AE53717BE6D311C4926EF42E /* ScanListView.swift */,
				6F48EDB0179B009F22BFBBFC /* SettingsView.swift */,
			);
			path = Sources;
			sourceTree = "<group>";
		};
/* End PBXGroup section */

/* Begin PBXNativeTarget section */
		2BD2B933411084BC5003B3EE /* ESP32Chat */ = {
			isa = PBXNativeTarget;
			buildConfigurationList = DBFE6618C68AB6020740EE78 /* Build configuration list for PBXNativeTarget "ESP32Chat" */;
			buildPhases = (
				AC9674FFF8975872FDC5D12A /* Sources */,
			);
			buildRules = (
			);
			dependencies = (
			);
			name = ESP32Chat;
			packageProductDependencies = (
			);
			productName = ESP32Chat;
			productReference = E0EDE8081CEC6D64E9289332 /* ESP32Chat.app */;
			productType = "com.apple.product-type.application";
		};
/* End PBXNativeTarget section */

/* Begin PBXProject section */
		E284FEA9A01C0F6FACD8DF0D /* Project object */ = {
			isa = PBXProject;
			attributes = {
				BuildIndependentTargetsInParallel = YES;
				LastUpgradeCheck = 1430;
				TargetAttributes = {
					2BD2B933411084BC5003B3EE = {
						ProvisioningStyle = Automatic;
					};
				};
			};
			buildConfigurationList = 13E652B16031FA82123AA912 /* Build configuration list for PBXProject "ESP32Chat" */;
			developmentRegion = en;
			hasScannedForEncodings = 0;
			knownRegions = (
				Base,
				en,
			);
			mainGroup = 7BBBF4E65C6FC9D87C393608;
			minimizedProjectReferenceProxies = 1;
			preferredProjectObjectVersion = 77;
			productRefGroup = 63F3C7057E8C6C0B3DC1D8BC /* Products */;
			projectDirPath = "";
			projectRoot = "";
			targets = (
				2BD2B933411084BC5003B3EE /* ESP32Chat */,
			);
		};
/* End PBXProject section */

/* Begin PBXSourcesBuildPhase section */
		AC9674FFF8975872FDC5D12A /* Sources */ = {
			isa = PBXSourcesBuildPhase;
			buildActionMask = 2147483647;
			files = (
				01E0ED614CF7415DB0DA0062 /* BLEManager.swift in Sources */,
				F1D90CD03F74DB29B2C525D0 /* ChatView.swift in Sources */,
				F762B59C69FC6CDBD504DC01 /* ContentView.swift in Sources */,
				A358AF675017301442AE9B7F /* DebugLogView.swift in Sources */,
				126A91CC21561530E27C1EA3 /* ESP32ChatApp.swift in Sources */,
				047676943C4E28B72661B30F /* ScanListView.swift in Sources */,
				44038813A4CDF6AC64D71169 /* SettingsView.swift in Sources */,
			);
			runOnlyForDeploymentPostprocessing = 0;
		};
/* End PBXSourcesBuildPhase section */

/* Begin XCBuildConfiguration section */
		623B787E9355DED5679F29A4 /* Debug */ = {
			isa = XCBuildConfiguration;
			buildSettings = {
				ALWAYS_SEARCH_USER_PATHS = NO;
				CLANG_ANALYZER_NONNULL = YES;
				CLANG_ANALYZER_NUMBER_OBJECT_CONVERSION = YES_AGGRESSIVE;
				CLANG_CXX_LANGUAGE_STANDARD = "gnu++14";
				CLANG_CXX_LIBRARY = "libc++";
				CLANG_ENABLE_MODULES = YES;
				CLANG_ENABLE_OBJC_ARC = YES;
				CLANG_ENABLE_OBJC_WEAK = YES;
				CLANG_WARN_BLOCK_CAPTURE_AUTORELEASING = YES;
				CLANG_WARN_BOOL_CONVERSION = YES;
				CLANG_WARN_COMMA = YES;
				CLANG_WARN_CONSTANT_CONVERSION = YES;
				CLANG_WARN_DEPRECATED_OBJC_IMPLEMENTATIONS = YES;
				CLANG_WARN_DIRECT_OBJC_ISA_USAGE = YES_ERROR;
				CLANG_WARN_DOCUMENTATION_COMMENTS = YES;
				CLANG_WARN_EMPTY_BODY = YES;
				CLANG_WARN_ENUM_CONVERSION = YES;
				CLANG_WARN_INFINITE_RECURSION = YES;
				CLANG_WARN_INT_CONVERSION = YES;
				CLANG_WARN_NON_LITERAL_NULL_CONVERSION = YES;
				CLANG_WARN_OBJC_IMPLICIT_RETAIN_SELF = YES;
				CLANG_WARN_OBJC_LITERAL_CONVERSION = YES;
				CLANG_WARN_OBJC_ROOT_CLASS = YES_ERROR;
				CLANG_WARN_QUOTED_INCLUDE_IN_FRAMEWORK_HEADER = YES;
				CLANG_WARN_RANGE_LOOP_ANALYSIS = YES;
				CLANG_WARN_STRICT_PROTOTYPES = YES;
				CLANG_WARN_SUSPICIOUS_MOVE = YES;
				CLANG_WARN_UNGUARDED_AVAILABILITY = YES_AGGRESSIVE;
				CLANG_WARN_UNREACHABLE_CODE = YES;
				CLANG_WARN__DUPLICATE_METHOD_MATCH = YES;
				COPY_PHASE_STRIP = NO;
				DEBUG_INFORMATION_FORMAT = dwarf;
				ENABLE_STRICT_OBJC_MSGSEND = YES;
				ENABLE_TESTABILITY = YES;
				GCC_C_LANGUAGE_STANDARD = gnu11;
				GCC_DYNAMIC_NO_PIC = NO;
				GCC_NO_COMMON_BLOCKS = YES;
				GCC_OPTIMIZATION_LEVEL = 0;
				GCC_PREPROCESSOR_DEFINITIONS = (
					"$(inherited)",
					"DEBUG=1",
				);
				GCC_WARN_64_TO_32_BIT_CONVERSION = YES;
				GCC_WARN_ABOUT_RETURN_TYPE = YES_ERROR;
				GCC_WARN_UNDECLARED_SELECTOR = YES;
				GCC_WARN_UNINITIALIZED_AUTOS = YES_AGGRESSIVE;
				GCC_WARN_UNUSED_FUNCTION = YES;
				GCC_WARN_UNUSED_VARIABLE = YES;
				IPHONEOS_DEPLOYMENT_TARGET = 16.0;
				MTL_ENABLE_DEBUG_INFO = INCLUDE_SOURCE;
				MTL_FAST_MATH = YES;
				ONLY_ACTIVE_ARCH = YES;
				PRODUCT_NAME = "$(TARGET_NAME)";
				SDKROOT = iphoneos;
				SWIFT_ACTIVE_COMPILATION_CONDITIONS = DEBUG;
				SWIFT_OPTIMIZATION_LEVEL = "-Onone";
				SWIFT_VERSION = 5.0;
			};
			name = Debug;
		};
		D294B0729261A0761F627D54 /* Release */ = {
			isa = XCBuildConfiguration;
			buildSettings = {
				ALWAYS_SEARCH_USER_PATHS = NO;
				CLANG_ANALYZER_NONNULL = YES;
				CLANG_ANALYZER_NUMBER_OBJECT_CONVERSION = YES_AGGRESSIVE;
				CLANG_CXX_LANGUAGE_STANDARD = "gnu++14";
				CLANG_CXX_LIBRARY = "libc++";
				CLANG_ENABLE_MODULES = YES;
				CLANG_ENABLE_OBJC_ARC = YES;
				CLANG_ENABLE_OBJC_WEAK = YES;
				CLANG_WARN_BLOCK_CAPTURE_AUTORELEASING = YES;
				CLANG_WARN_BOOL_CONVERSION = YES;
				CLANG_WARN_COMMA = YES;
				CLANG_WARN_CONSTANT_CONVERSION = YES;
				CLANG_WARN_DEPRECATED_OBJC_IMPLEMENTATIONS = YES;
				CLANG_WARN_DIRECT_OBJC_ISA_USAGE = YES_ERROR;
				CLANG_WARN_DOCUMENTATION_COMMENTS = YES;
				CLANG_WARN_EMPTY_BODY = YES;
				CLANG_WARN_ENUM_CONVERSION = YES;
				CLANG_WARN_INFINITE_RECURSION = YES;
				CLANG_WARN_INT_CONVERSION = YES;
				CLANG_WARN_NON_LITERAL_NULL_CONVERSION = YES;
				CLANG_WARN_OBJC_IMPLICIT_RETAIN_SELF = YES;
				CLANG_WARN_OBJC_LITERAL_CONVERSION = YES;
				CLANG_WARN_OBJC_ROOT_CLASS = YES_ERROR;
				CLANG_WARN_QUOTED_INCLUDE_IN_FRAMEWORK_HEADER = YES;
				CLANG_WARN_RANGE_LOOP_ANALYSIS = YES;
				CLANG_WARN_STRICT_PROTOTYPES = YES;
				CLANG_WARN_SUSPICIOUS_MOVE = YES;
				CLANG_WARN_UNGUARDED_AVAILABILITY = YES_AGGRESSIVE;
				CLANG_WARN_UNREACHABLE_CODE = YES;
				CLANG_WARN__DUPLICATE_METHOD_MATCH = YES;
				COPY_PHASE_STRIP = NO;
				DEBUG_INFORMATION_FORMAT = "dwarf-with-dsym";
				ENABLE_NS_ASSERTIONS = NO;
				ENABLE_STRICT_OBJC_MSGSEND = YES;
				GCC_C_LANGUAGE_STANDARD = gnu11;
				GCC_NO_COMMON_BLOCKS = YES;
				GCC_WARN_64_TO_32_BIT_CONVERSION = YES;
				GCC_WARN_ABOUT_RETURN_TYPE = YES_ERROR;
				GCC_WARN_UNDECLARED_SELECTOR = YES;
				GCC_WARN_UNINITIALIZED_AUTOS = YES_AGGRESSIVE;
				GCC_WARN_UNUSED_FUNCTION = YES;
				GCC_WARN_UNUSED_VARIABLE = YES;
				IPHONEOS_DEPLOYMENT_TARGET = 16.0;
				MTL_ENABLE_DEBUG_INFO = NO;
				MTL_FAST_MATH = YES;
				PRODUCT_NAME = "$(TARGET_NAME)";
				SDKROOT = iphoneos;
				SWIFT_COMPILATION_MODE = wholemodule;
				SWIFT_OPTIMIZATION_LEVEL = "-O";
				SWIFT_VERSION = 5.0;
			};
			name = Release;
		};
		E50C4E35A41C13EA3D5DB444 /* Release */ = {
			isa = XCBuildConfiguration;
			buildSettings = {
				ASSETCATALOG_COMPILER_APPICON_NAME = AppIcon;
				CODE_SIGN_IDENTITY = "iPhone Developer";
				CODE_SIGN_STYLE = Automatic;
				CURRENT_PROJECT_VERSION = 1;
				INFOPLIST_FILE = Generated/Info.plist;
				IPHONEOS_DEPLOYMENT_TARGET = 16.0;
				LD_RUNPATH_SEARCH_PATHS = (
					"$(inherited)",
					"@executable_path/Frameworks",
				);
				MARKETING_VERSION = 1.0;
				PRODUCT_BUNDLE_IDENTIFIER = com.jtbonhomme.ESP32Chat;
				SDKROOT = iphoneos;
				SWIFT_VERSION = 5.0;
				TARGETED_DEVICE_FAMILY = 1;
			};
			name = Release;
		};
		EDDD2A4475833CF10FB0E8D7 /* Debug */ = {
			isa = XCBuildConfiguration;
			buildSettings = {
				ASSETCATALOG_COMPILER_APPICON_NAME = AppIcon;
				CODE_SIGN_IDENTITY = "iPhone Developer";
				CODE_SIGN_STYLE = Automatic;
				CURRENT_PROJECT_VERSION = 1;
				INFOPLIST_FILE = Generated/Info.plist;
				IPHONEOS_DEPLOYMENT_TARGET = 16.0;
				LD_RUNPATH_SEARCH_PATHS = (
					"$(inherited)",
					"@executable_path/Frameworks",
				);
				MARKETING_VERSION = 1.0;
				PRODUCT_BUNDLE_IDENTIFIER = com.jtbonhomme.ESP32Chat;
				SDKROOT = iphoneos;
				SWIFT_VERSION = 5.0;
				TARGETED_DEVICE_FAMILY = 1;
			};
			name = Debug;
		};
/* End XCBuildConfiguration section */

/* Begin XCConfigurationList section */
		13E652B16031FA82123AA912 /* Build configuration list for PBXProject "ESP32Chat" */ = {
			isa = XCConfigurationList;
			buildConfigurations = (
				623B787E9355DED5679F29A4 /* Debug */,
				D294B0729261A0761F627D54 /* Release */,
			);
			defaultConfigurationIsVisible = 0;
			defaultConfigurationName = Debug;
		};
		DBFE6618C68AB6020740EE78 /* Build configuration list for PBXNativeTarget "ESP32Chat" */ = {
			isa = XCConfigurationList;
			buildConfigurations = (
				EDDD2A4475833CF10FB0E8D7 /* Debug */,
				E50C4E35A41C13EA3D5DB444 /* Release */,
			);
			defaultConfigurationIsVisible = 0;
			defaultConfigurationName = Debug;
		};
/* End XCConfigurationList section */
	};
	rootObject = E284FEA9A01C0F6FACD8DF0D /* Project object */;
}
